// !$*UTF8*$!
{
	archiveVersion = 1;
	classes = {
	};
	objectVersion = 50;
	objects = {

/* Begin PBXBuildFile section */
		3D943DE78B7F9954E5A6A75B /* Pods_QuizApp.framework in Frameworks */ = {isa = PBXBuildFile; fileRef = 2E36DECEEC7CDD1A7CD48F7A /* Pods_QuizApp.framework */; };
		C10AD7452618DEF0002B25FB /* AppDelegate.swift in Sources */ = {isa = PBXBuildFile; fileRef = C10AD7442618DEF0002B25FB /* AppDelegate.swift */; };
		C10AD74E2618DEF1002B25FB /* Assets.xcassets in Resources */ = {isa = PBXBuildFile; fileRef = C10AD74D2618DEF1002B25FB /* Assets.xcassets */; };
		C10AD7512618DEF1002B25FB /* LaunchScreen.storyboard in Resources */ = {isa = PBXBuildFile; fileRef = C10AD74F2618DEF1002B25FB /* LaunchScreen.storyboard */; };
		C1E6B01C261B553800362308 /* LoginViewController.swift in Sources */ = {isa = PBXBuildFile; fileRef = C1E6B01B261B553800362308 /* LoginViewController.swift */; };
		C1E6B025261B5C6000362308 /* SceneDelegate.swift in Sources */ = {isa = PBXBuildFile; fileRef = C1E6B024261B5C6000362308 /* SceneDelegate.swift */; };
		C1E6B028261BBC3B00362308 /* LoginStatus.swift in Sources */ = {isa = PBXBuildFile; fileRef = C1E6B027261BBC3B00362308 /* LoginStatus.swift */; };
		C1E6B02B261BBC4200362308 /* Question.swift in Sources */ = {isa = PBXBuildFile; fileRef = C1E6B02A261BBC4200362308 /* Question.swift */; };
		C1E6B02E261BBC4700362308 /* Quiz.swift in Sources */ = {isa = PBXBuildFile; fileRef = C1E6B02D261BBC4700362308 /* Quiz.swift */; };
		C1E6B031261BBC4D00362308 /* QuizCategory.swift in Sources */ = {isa = PBXBuildFile; fileRef = C1E6B030261BBC4D00362308 /* QuizCategory.swift */; };
		C1E6B034261BBC8400362308 /* DataService.swift in Sources */ = {isa = PBXBuildFile; fileRef = C1E6B033261BBC8400362308 /* DataService.swift */; };
		C1E6B037261BBCA500362308 /* DataServiceProtocol.swift in Sources */ = {isa = PBXBuildFile; fileRef = C1E6B036261BBCA500362308 /* DataServiceProtocol.swift */; };
		C1E6B03A261BC00B00362308 /* QuizzesViewController.swift in Sources */ = {isa = PBXBuildFile; fileRef = C1E6B039261BC00B00362308 /* QuizzesViewController.swift */; };
/* End PBXBuildFile section */

/* Begin PBXFileReference section */
		2E36DECEEC7CDD1A7CD48F7A /* Pods_QuizApp.framework */ = {isa = PBXFileReference; explicitFileType = wrapper.framework; includeInIndex = 0; path = Pods_QuizApp.framework; sourceTree = BUILT_PRODUCTS_DIR; };
		6B40423213579578605F298B /* Pods-QuizApp.release.xcconfig */ = {isa = PBXFileReference; includeInIndex = 1; lastKnownFileType = text.xcconfig; name = "Pods-QuizApp.release.xcconfig"; path = "Target Support Files/Pods-QuizApp/Pods-QuizApp.release.xcconfig"; sourceTree = "<group>"; };
		8293BB85484122C27103E5DA /* Pods-QuizApp.debug.xcconfig */ = {isa = PBXFileReference; includeInIndex = 1; lastKnownFileType = text.xcconfig; name = "Pods-QuizApp.debug.xcconfig"; path = "Target Support Files/Pods-QuizApp/Pods-QuizApp.debug.xcconfig"; sourceTree = "<group>"; };
		C10AD7412618DEF0002B25FB /* QuizApp.app */ = {isa = PBXFileReference; explicitFileType = wrapper.application; includeInIndex = 0; path = QuizApp.app; sourceTree = BUILT_PRODUCTS_DIR; };
		C10AD7442618DEF0002B25FB /* AppDelegate.swift */ = {isa = PBXFileReference; lastKnownFileType = sourcecode.swift; path = AppDelegate.swift; sourceTree = "<group>"; };
		C10AD74D2618DEF1002B25FB /* Assets.xcassets */ = {isa = PBXFileReference; lastKnownFileType = folder.assetcatalog; path = Assets.xcassets; sourceTree = "<group>"; };
		C10AD7502618DEF1002B25FB /* Base */ = {isa = PBXFileReference; lastKnownFileType = file.storyboard; name = Base; path = Base.lproj/LaunchScreen.storyboard; sourceTree = "<group>"; };
		C10AD7522618DEF1002B25FB /* Info.plist */ = {isa = PBXFileReference; lastKnownFileType = text.plist.xml; path = Info.plist; sourceTree = "<group>"; };
		C1E6B01B261B553800362308 /* LoginViewController.swift */ = {isa = PBXFileReference; lastKnownFileType = sourcecode.swift; path = LoginViewController.swift; sourceTree = "<group>"; };
		C1E6B024261B5C6000362308 /* SceneDelegate.swift */ = {isa = PBXFileReference; fileEncoding = 4; lastKnownFileType = sourcecode.swift; path = SceneDelegate.swift; sourceTree = "<group>"; };
		C1E6B027261BBC3B00362308 /* LoginStatus.swift */ = {isa = PBXFileReference; fileEncoding = 4; lastKnownFileType = sourcecode.swift; path = LoginStatus.swift; sourceTree = "<group>"; };
		C1E6B02A261BBC4200362308 /* Question.swift */ = {isa = PBXFileReference; fileEncoding = 4; lastKnownFileType = sourcecode.swift; path = Question.swift; sourceTree = "<group>"; };
		C1E6B02D261BBC4700362308 /* Quiz.swift */ = {isa = PBXFileReference; fileEncoding = 4; lastKnownFileType = sourcecode.swift; path = Quiz.swift; sourceTree = "<group>"; };
		C1E6B030261BBC4D00362308 /* QuizCategory.swift */ = {isa = PBXFileReference; fileEncoding = 4; lastKnownFileType = sourcecode.swift; path = QuizCategory.swift; sourceTree = "<group>"; };
		C1E6B033261BBC8400362308 /* DataService.swift */ = {isa = PBXFileReference; fileEncoding = 4; lastKnownFileType = sourcecode.swift; path = DataService.swift; sourceTree = "<group>"; };
		C1E6B036261BBCA500362308 /* DataServiceProtocol.swift */ = {isa = PBXFileReference; fileEncoding = 4; lastKnownFileType = sourcecode.swift; path = DataServiceProtocol.swift; sourceTree = "<group>"; };
		C1E6B039261BC00B00362308 /* QuizzesViewController.swift */ = {isa = PBXFileReference; lastKnownFileType = sourcecode.swift; path = QuizzesViewController.swift; sourceTree = "<group>"; };
/* End PBXFileReference section */

/* Begin PBXFrameworksBuildPhase section */
		C10AD73E2618DEF0002B25FB /* Frameworks */ = {
			isa = PBXFrameworksBuildPhase;
			buildActionMask = 2147483647;
			files = (
				3D943DE78B7F9954E5A6A75B /* Pods_QuizApp.framework in Frameworks */,
			);
			runOnlyForDeploymentPostprocessing = 0;
		};
/* End PBXFrameworksBuildPhase section */

/* Begin PBXGroup section */
		270D2E0E7A29A7C74287DB04 /* Frameworks */ = {
			isa = PBXGroup;
			children = (
				2E36DECEEC7CDD1A7CD48F7A /* Pods_QuizApp.framework */,
			);
			name = Frameworks;
			sourceTree = "<group>";
		};
		C10AD7382618DEEF002B25FB = {
			isa = PBXGroup;
			children = (
				C10AD7432618DEF0002B25FB /* QuizApp */,
				C10AD7422618DEF0002B25FB /* Products */,
				E14046C96E8F3333FDD527AA /* Pods */,
				270D2E0E7A29A7C74287DB04 /* Frameworks */,
			);
			sourceTree = "<group>";
		};
		C10AD7422618DEF0002B25FB /* Products */ = {
			isa = PBXGroup;
			children = (
				C10AD7412618DEF0002B25FB /* QuizApp.app */,
			);
			name = Products;
			sourceTree = "<group>";
		};
		C10AD7432618DEF0002B25FB /* QuizApp */ = {
			isa = PBXGroup;
			children = (
				C10AD7442618DEF0002B25FB /* AppDelegate.swift */,
				C1E6B024261B5C6000362308 /* SceneDelegate.swift */,
				C10AD74D2618DEF1002B25FB /* Assets.xcassets */,
				C1E6B027261BBC3B00362308 /* LoginStatus.swift */,
				C1E6B030261BBC4D00362308 /* QuizCategory.swift */,
				C1E6B036261BBCA500362308 /* DataServiceProtocol.swift */,
				C10AD74F2618DEF1002B25FB /* LaunchScreen.storyboard */,
				C10AD7522618DEF1002B25FB /* Info.plist */,
				C1E6B033261BBC8400362308 /* DataService.swift */,
				C1E6B02D261BBC4700362308 /* Quiz.swift */,
				C1E6B02A261BBC4200362308 /* Question.swift */,
				C1E6B01B261B553800362308 /* LoginViewController.swift */,
				C1E6B039261BC00B00362308 /* QuizzesViewController.swift */,
			);
			path = QuizApp;
			sourceTree = "<group>";
		};
		E14046C96E8F3333FDD527AA /* Pods */ = {
			isa = PBXGroup;
			children = (
				8293BB85484122C27103E5DA /* Pods-QuizApp.debug.xcconfig */,
				6B40423213579578605F298B /* Pods-QuizApp.release.xcconfig */,
			);
			path = Pods;
			sourceTree = "<group>";
		};
/* End PBXGroup section */

/* Begin PBXNativeTarget section */
		C10AD7402618DEF0002B25FB /* QuizApp */ = {
			isa = PBXNativeTarget;
			buildConfigurationList = C10AD7552618DEF1002B25FB /* Build configuration list for PBXNativeTarget "QuizApp" */;
			buildPhases = (
				D2CD16EC88AF8FD6F72ACBA9 /* [CP] Check Pods Manifest.lock */,
				C10AD73D2618DEF0002B25FB /* Sources */,
				C10AD73E2618DEF0002B25FB /* Frameworks */,
				C10AD73F2618DEF0002B25FB /* Resources */,
				B99AC8063A936DD6BA265660 /* [CP] Embed Pods Frameworks */,
			);
			buildRules = (
			);
			dependencies = (
			);
			name = QuizApp;
			productName = QuizApp;
			productReference = C10AD7412618DEF0002B25FB /* QuizApp.app */;
			productType = "com.apple.product-type.application";
		};
/* End PBXNativeTarget section */

/* Begin PBXProject section */
		C10AD7392618DEEF002B25FB /* Project object */ = {
			isa = PBXProject;
			attributes = {
				LastSwiftUpdateCheck = 1240;
				LastUpgradeCheck = 1240;
				TargetAttributes = {
					C10AD7402618DEF0002B25FB = {
						CreatedOnToolsVersion = 12.4;
					};
				};
			};
			buildConfigurationList = C10AD73C2618DEEF002B25FB /* Build configuration list for PBXProject "QuizApp" */;
			compatibilityVersion = "Xcode 9.3";
			developmentRegion = en;
			hasScannedForEncodings = 0;
			knownRegions = (
				en,
				Base,
			);
			mainGroup = C10AD7382618DEEF002B25FB;
			productRefGroup = C10AD7422618DEF0002B25FB /* Products */;
			projectDirPath = "";
			projectRoot = "";
			targets = (
				C10AD7402618DEF0002B25FB /* QuizApp */,
			);
		};
/* End PBXProject section */

/* Begin PBXResourcesBuildPhase section */
		C10AD73F2618DEF0002B25FB /* Resources */ = {
			isa = PBXResourcesBuildPhase;
			buildActionMask = 2147483647;
			files = (
				C10AD7512618DEF1002B25FB /* LaunchScreen.storyboard in Resources */,
				C10AD74E2618DEF1002B25FB /* Assets.xcassets in Resources */,
			);
			runOnlyForDeploymentPostprocessing = 0;
		};
/* End PBXResourcesBuildPhase section */

/* Begin PBXShellScriptBuildPhase section */
		B99AC8063A936DD6BA265660 /* [CP] Embed Pods Frameworks */ = {
			isa = PBXShellScriptBuildPhase;
			buildActionMask = 2147483647;
			files = (
			);
			inputFileListPaths = (
				"${PODS_ROOT}/Target Support Files/Pods-QuizApp/Pods-QuizApp-frameworks-${CONFIGURATION}-input-files.xcfilelist",
			);
			name = "[CP] Embed Pods Frameworks";
			outputFileListPaths = (
				"${PODS_ROOT}/Target Support Files/Pods-QuizApp/Pods-QuizApp-frameworks-${CONFIGURATION}-output-files.xcfilelist",
			);
			runOnlyForDeploymentPostprocessing = 0;
			shellPath = /bin/sh;
			shellScript = "\"${PODS_ROOT}/Target Support Files/Pods-QuizApp/Pods-QuizApp-frameworks.sh\"\n";
			showEnvVarsInLog = 0;
		};
		D2CD16EC88AF8FD6F72ACBA9 /* [CP] Check Pods Manifest.lock */ = {
			isa = PBXShellScriptBuildPhase;
			buildActionMask = 2147483647;
			files = (
			);
			inputFileListPaths = (
			);
			inputPaths = (
				"${PODS_PODFILE_DIR_PATH}/Podfile.lock",
				"${PODS_ROOT}/Manifest.lock",
			);
			name = "[CP] Check Pods Manifest.lock";
			outputFileListPaths = (
			);
			outputPaths = (
				"$(DERIVED_FILE_DIR)/Pods-QuizApp-checkManifestLockResult.txt",
			);
			runOnlyForDeploymentPostprocessing = 0;
			shellPath = /bin/sh;
			shellScript = "diff \"${PODS_PODFILE_DIR_PATH}/Podfile.lock\" \"${PODS_ROOT}/Manifest.lock\" > /dev/null\nif [ $? != 0 ] ; then\n    # print error to STDERR\n    echo \"error: The sandbox is not in sync with the Podfile.lock. Run 'pod install' or update your CocoaPods installation.\" >&2\n    exit 1\nfi\n# This output is used by Xcode 'outputs' to avoid re-running this script phase.\necho \"SUCCESS\" > \"${SCRIPT_OUTPUT_FILE_0}\"\n";
			showEnvVarsInLog = 0;
		};
/* End PBXShellScriptBuildPhase section */

/* Begin PBXSourcesBuildPhase section */
		C10AD73D2618DEF0002B25FB /* Sources */ = {
			isa = PBXSourcesBuildPhase;
			buildActionMask = 2147483647;
			files = (
				C1E6B02B261BBC4200362308 /* Question.swift in Sources */,
				C1E6B031261BBC4D00362308 /* QuizCategory.swift in Sources */,
				C1E6B01C261B553800362308 /* LoginViewController.swift in Sources */,
				C1E6B037261BBCA500362308 /* DataServiceProtocol.swift in Sources */,
				C1E6B03A261BC00B00362308 /* QuizzesViewController.swift in Sources */,
				C1E6B02E261BBC4700362308 /* Quiz.swift in Sources */,
				C1E6B028261BBC3B00362308 /* LoginStatus.swift in Sources */,
				C10AD7452618DEF0002B25FB /* AppDelegate.swift in Sources */,
				C1E6B025261B5C6000362308 /* SceneDelegate.swift in Sources */,
				C1E6B034261BBC8400362308 /* DataService.swift in Sources */,
			);
			runOnlyForDeploymentPostprocessing = 0;
		};
/* End PBXSourcesBuildPhase section */

/* Begin PBXVariantGroup section */
		C10AD74F2618DEF1002B25FB /* LaunchScreen.storyboard */ = {
			isa = PBXVariantGroup;
			children = (
				C10AD7502618DEF1002B25FB /* Base */,
			);
			name = LaunchScreen.storyboard;
			sourceTree = "<group>";
		};
/* End PBXVariantGroup section */

/* Begin XCBuildConfiguration section */
		C10AD7532618DEF1002B25FB /* Debug */ = {
			isa = XCBuildConfiguration;
			buildSettings = {
				ALWAYS_SEARCH_USER_PATHS = NO;
				CLANG_ANALYZER_NONNULL = YES;
				CLANG_ANALYZER_NUMBER_OBJECT_CONVERSION = YES_AGGRESSIVE;
				CLANG_CXX_LANGUAGE_STANDARD = "gnu++14";
				CLANG_CXX_LIBRARY = "libc++";
				CLANG_ENABLE_MODULES = YES;
				CLANG_ENABLE_OBJC_ARC = YES;
				CLANG_ENABLE_OBJC_WEAK = YES;
				CLANG_WARN_BLOCK_CAPTURE_AUTORELEASING = YES;
				CLANG_WARN_BOOL_CONVERSION = YES;
				CLANG_WARN_COMMA = YES;
				CLANG_WARN_CONSTANT_CONVERSION = YES;
				CLANG_WARN_DEPRECATED_OBJC_IMPLEMENTATIONS = YES;
				CLANG_WARN_DIRECT_OBJC_ISA_USAGE = YES_ERROR;
				CLANG_WARN_DOCUMENTATION_COMMENTS = YES;
				CLANG_WARN_EMPTY_BODY = YES;
				CLANG_WARN_ENUM_CONVERSION = YES;
				CLANG_WARN_INFINITE_RECURSION = YES;
				CLANG_WARN_INT_CONVERSION = YES;
				CLANG_WARN_NON_LITERAL_NULL_CONVERSION = YES;
				CLANG_WARN_OBJC_IMPLICIT_RETAIN_SELF = YES;
				CLANG_WARN_OBJC_LITERAL_CONVERSION = YES;
				CLANG_WARN_OBJC_ROOT_CLASS = YES_ERROR;
				CLANG_WARN_QUOTED_INCLUDE_IN_FRAMEWORK_HEADER = YES;
				CLANG_WARN_RANGE_LOOP_ANALYSIS = YES;
				CLANG_WARN_STRICT_PROTOTYPES = YES;
				CLANG_WARN_SUSPICIOUS_MOVE = YES;
				CLANG_WARN_UNGUARDED_AVAILABILITY = YES_AGGRESSIVE;
				CLANG_WARN_UNREACHABLE_CODE = YES;
				CLANG_WARN__DUPLICATE_METHOD_MATCH = YES;
				COPY_PHASE_STRIP = NO;
				DEBUG_INFORMATION_FORMAT = dwarf;
				ENABLE_STRICT_OBJC_MSGSEND = YES;
				ENABLE_TESTABILITY = YES;
				GCC_C_LANGUAGE_STANDARD = gnu11;
				GCC_DYNAMIC_NO_PIC = NO;
				GCC_NO_COMMON_BLOCKS = YES;
				GCC_OPTIMIZATION_LEVEL = 0;
				GCC_PREPROCESSOR_DEFINITIONS = (
					"DEBUG=1",
					"$(inherited)",
				);
				GCC_WARN_64_TO_32_BIT_CONVERSION = YES;
				GCC_WARN_ABOUT_RETURN_TYPE = YES_ERROR;
				GCC_WARN_UNDECLARED_SELECTOR = YES;
				GCC_WARN_UNINITIALIZED_AUTOS = YES_AGGRESSIVE;
				GCC_WARN_UNUSED_FUNCTION = YES;
				GCC_WARN_UNUSED_VARIABLE = YES;
				IPHONEOS_DEPLOYMENT_TARGET = 14.4;
				MTL_ENABLE_DEBUG_INFO = INCLUDE_SOURCE;
				MTL_FAST_MATH = YES;
				ONLY_ACTIVE_ARCH = YES;
				SDKROOT = iphoneos;
				SWIFT_ACTIVE_COMPILATION_CONDITIONS = DEBUG;
				SWIFT_OPTIMIZATION_LEVEL = "-Onone";
			};
			name = Debug;
		};
		C10AD7542618DEF1002B25FB /* Release */ = {
			isa = XCBuildConfiguration;
			buildSettings = {
				ALWAYS_SEARCH_USER_PATHS = NO;
				CLANG_ANALYZER_NONNULL = YES;
				CLANG_ANALYZER_NUMBER_OBJECT_CONVERSION = YES_AGGRESSIVE;
				CLANG_CXX_LANGUAGE_STANDARD = "gnu++14";
				CLANG_CXX_LIBRARY = "libc++";
				CLANG_ENABLE_MODULES = YES;
				CLANG_ENABLE_OBJC_ARC = YES;
				CLANG_ENABLE_OBJC_WEAK = YES;
				CLANG_WARN_BLOCK_CAPTURE_AUTORELEASING = YES;
				CLANG_WARN_BOOL_CONVERSION = YES;
				CLANG_WARN_COMMA = YES;
				CLANG_WARN_CONSTANT_CONVERSION = YES;
				CLANG_WARN_DEPRECATED_OBJC_IMPLEMENTATIONS = YES;
				CLANG_WARN_DIRECT_OBJC_ISA_USAGE = YES_ERROR;
				CLANG_WARN_DOCUMENTATION_COMMENTS = YES;
				CLANG_WARN_EMPTY_BODY = YES;
				CLANG_WARN_ENUM_CONVERSION = YES;
				CLANG_WARN_INFINITE_RECURSION = YES;
				CLANG_WARN_INT_CONVERSION = YES;
				CLANG_WARN_NON_LITERAL_NULL_CONVERSION = YES;
				CLANG_WARN_OBJC_IMPLICIT_RETAIN_SELF = YES;
				CLANG_WARN_OBJC_LITERAL_CONVERSION = YES;
				CLANG_WARN_OBJC_ROOT_CLASS = YES_ERROR;
				CLANG_WARN_QUOTED_INCLUDE_IN_FRAMEWORK_HEADER = YES;
				CLANG_WARN_RANGE_LOOP_ANALYSIS = YES;
				CLANG_WARN_STRICT_PROTOTYPES = YES;
				CLANG_WARN_SUSPICIOUS_MOVE = YES;
				CLANG_WARN_UNGUARDED_AVAILABILITY = YES_AGGRESSIVE;
				CLANG_WARN_UNREACHABLE_CODE = YES;
				CLANG_WARN__DUPLICATE_METHOD_MATCH = YES;
				COPY_PHASE_STRIP = NO;
				DEBUG_INFORMATION_FORMAT = "dwarf-with-dsym";
				ENABLE_NS_ASSERTIONS = NO;
				ENABLE_STRICT_OBJC_MSGSEND = YES;
				GCC_C_LANGUAGE_STANDARD = gnu11;
				GCC_NO_COMMON_BLOCKS = YES;
				GCC_WARN_64_TO_32_BIT_CONVERSION = YES;
				GCC_WARN_ABOUT_RETURN_TYPE = YES_ERROR;
				GCC_WARN_UNDECLARED_SELECTOR = YES;
				GCC_WARN_UNINITIALIZED_AUTOS = YES_AGGRESSIVE;
				GCC_WARN_UNUSED_FUNCTION = YES;
				GCC_WARN_UNUSED_VARIABLE = YES;
				IPHONEOS_DEPLOYMENT_TARGET = 14.4;
				MTL_ENABLE_DEBUG_INFO = NO;
				MTL_FAST_MATH = YES;
				SDKROOT = iphoneos;
				SWIFT_COMPILATION_MODE = wholemodule;
				SWIFT_OPTIMIZATION_LEVEL = "-O";
				VALIDATE_PRODUCT = YES;
			};
			name = Release;
		};
		C10AD7562618DEF1002B25FB /* Debug */ = {
			isa = XCBuildConfiguration;
			baseConfigurationReference = 8293BB85484122C27103E5DA /* Pods-QuizApp.debug.xcconfig */;
			buildSettings = {
				ASSETCATALOG_COMPILER_APPICON_NAME = AppIcon;
				ASSETCATALOG_COMPILER_GLOBAL_ACCENT_COLOR_NAME = AccentColor;
				CODE_SIGN_STYLE = Automatic;
				INFOPLIST_FILE = QuizApp/Info.plist;
				LD_RUNPATH_SEARCH_PATHS = (
					"$(inherited)",
					"@executable_path/Frameworks",
				);
				PRODUCT_BUNDLE_IDENTIFIER = hr.fer.grotic.marta.QuizApp;
				PRODUCT_NAME = "$(TARGET_NAME)";
				SWIFT_VERSION = 5.0;
				TARGETED_DEVICE_FAMILY = "1,2";
			};
			name = Debug;
		};
		C10AD7572618DEF1002B25FB /* Release */ = {
			isa = XCBuildConfiguration;
			baseConfigurationReference = 6B40423213579578605F298B /* Pods-QuizApp.release.xcconfig */;
			buildSettings = {
				ASSETCATALOG_COMPILER_APPICON_NAME = AppIcon;
				ASSETCATALOG_COMPILER_GLOBAL_ACCENT_COLOR_NAME = AccentColor;
				CODE_SIGN_STYLE = Automatic;
				INFOPLIST_FILE = QuizApp/Info.plist;
				LD_RUNPATH_SEARCH_PATHS = (
					"$(inherited)",
					"@executable_path/Frameworks",
				);
				PRODUCT_BUNDLE_IDENTIFIER = hr.fer.grotic.marta.QuizApp;
				PRODUCT_NAME = "$(TARGET_NAME)";
				SWIFT_VERSION = 5.0;
				TARGETED_DEVICE_FAMILY = "1,2";
			};
			name = Release;
		};
/* End XCBuildConfiguration section */

/* Begin XCConfigurationList section */
		C10AD73C2618DEEF002B25FB /* Build configuration list for PBXProject "QuizApp" */ = {
			isa = XCConfigurationList;
			buildConfigurations = (
				C10AD7532618DEF1002B25FB /* Debug */,
				C10AD7542618DEF1002B25FB /* Release */,
			);
			defaultConfigurationIsVisible = 0;
			defaultConfigurationName = Release;
		};
		C10AD7552618DEF1002B25FB /* Build configuration list for PBXNativeTarget "QuizApp" */ = {
			isa = XCConfigurationList;
			buildConfigurations = (
				C10AD7562618DEF1002B25FB /* Debug */,
				C10AD7572618DEF1002B25FB /* Release */,
			);
			defaultConfigurationIsVisible = 0;
			defaultConfigurationName = Release;
		};
/* End XCConfigurationList section */
	};
	rootObject = C10AD7392618DEEF002B25FB /* Project object */;
}
